
Microsoft Visual Studio Solution File, Format Version 12.00
# Visual Studio 15
VisualStudioVersion = 15.0.27004.2002
MinimumVisualStudioVersion = 10.0.40219.1
Project("{FAE04EC0-301F-11D3-BF4B-00C04F79EFBC}") = "SimplePaymentReminderWebService", "SimplePaymentReminderWebService\SimplePaymentReminderWebService.csproj", "{F9DA9C4C-8C06-41CA-8651-B0C74A1A10E3}"
EndProject
Project("{FAE04EC0-301F-11D3-BF4B-00C04F79EFBC}") = "SimplePaymentReminderDataAccessNF", "SimplePaymentReminderDataAccessNF\SimplePaymentReminderDataAccessNF.csproj", "{6D6B5B34-91BC-4013-90B5-F922D5AC0AC7}"
EndProject
Global
	GlobalSection(SolutionConfigurationPlatforms) = preSolution
		Debug|Any CPU = Debug|Any CPU
		Release|Any CPU = Release|Any CPU
	EndGlobalSection
	GlobalSection(ProjectConfigurationPlatforms) = postSolution
		{F9DA9C4C-8C06-41CA-8651-B0C74A1A10E3}.Debug|Any CPU.ActiveCfg = Debug|Any CPU
		{F9DA9C4C-8C06-41CA-8651-B0C74A1A10E3}.Debug|Any CPU.Build.0 = Debug|Any CPU
		{F9DA9C4C-8C06-41CA-8651-B0C74A1A10E3}.Release|Any CPU.ActiveCfg = Release|Any CPU
		{F9DA9C4C-8C06-41CA-8651-B0C74A1A10E3}.Release|Any CPU.Build.0 = Release|Any CPU
		{6D6B5B34-91BC-4013-90B5-F922D5AC0AC7}.Debug|Any CPU.ActiveCfg = Debug|Any CPU
		{6D6B5B34-91BC-4013-90B5-F922D5AC0AC7}.Debug|Any CPU.Build.0 = Debug|Any CPU
		{6D6B5B34-91BC-4013-90B5-F922D5AC0AC7}.Release|Any CPU.ActiveCfg = Release|Any CPU
		{6D6B5B34-91BC-4013-90B5-F922D5AC0AC7}.Release|Any CPU.Build.0 = Release|Any CPU
	EndGlobalSection
	GlobalSection(SolutionProperties) = preSolution
		HideSolutionNode = FALSE
	EndGlobalSection
	GlobalSection(ExtensibilityGlobals) = postSolution
		SolutionGuid = {D34B5014-10EB-4411-8734-D5FA14F14886}
	EndGlobalSection
EndGlobal
